
Microsoft Visual Studio Solution File, Format Version 12.00
# Visual Studio Version 17
VisualStudioVersion = 17.2.32616.157
MinimumVisualStudioVersion = 10.0.40219.1
Project("{FAE04EC0-301F-11D3-BF4B-00C04F79EFBC}") = "skinwalker-ranch-investigator-edition", "skinwalker-ranch-investigator\skinwalker-ranch-investigator-edition.csproj", "{259E22E0-6B5B-4FB5-A0EF-75B761AA0057}"
EndProject
Global
	GlobalSection(SolutionConfigurationPlatforms) = preSolution
		Debug|Any CPU = Debug|Any CPU
		Release|Any CPU = Release|Any CPU
	EndGlobalSection
	GlobalSection(ProjectConfigurationPlatforms) = postSolution
		{259E22E0-6B5B-4FB5-A0EF-75B761AA0057}.Debug|Any CPU.ActiveCfg = Debug|Any CPU
		{259E22E0-6B5B-4FB5-A0EF-75B761AA0057}.Debug|Any CPU.Build.0 = Debug|Any CPU
		{259E22E0-6B5B-4FB5-A0EF-75B761AA0057}.Release|Any CPU.ActiveCfg = Release|Any CPU
		{259E22E0-6B5B-4FB5-A0EF-75B761AA0057}.Release|Any CPU.Build.0 = Release|Any CPU
	EndGlobalSection
	GlobalSection(SolutionProperties) = preSolution
		HideSolutionNode = FALSE
	EndGlobalSection
	GlobalSection(ExtensibilityGlobals) = postSolution
		SolutionGuid = {38671A57-1AE3-499C-B5A8-EC99A09C129D}
	EndGlobalSection
EndGlobal
